
Microsoft Visual Studio Solution File, Format Version 12.00
# Visual Studio Version 17
VisualStudioVersion = 17.4.33110.190
MinimumVisualStudioVersion = 10.0.40219.1
Project("{FAE04EC0-301F-11D3-BF4B-00C04F79EFBC}") = "ConsoleApp2", "ConsoleApp2\ConsoleApp2.csproj", "{F0208714-8CEA-4D0C-83A3-E0F0823A2E55}"
EndProject
Global
	GlobalSection(SolutionConfigurationPlatforms) = preSolution
		Debug|Any CPU = Debug|Any CPU
		Release|Any CPU = Release|Any CPU
	EndGlobalSection
	GlobalSection(ProjectConfigurationPlatforms) = postSolution
		{F0208714-8CEA-4D0C-83A3-E0F0823A2E55}.Debug|Any CPU.ActiveCfg = Debug|Any CPU
		{F0208714-8CEA-4D0C-83A3-E0F0823A2E55}.Debug|Any CPU.Build.0 = Debug|Any CPU
		{F0208714-8CEA-4D0C-83A3-E0F0823A2E55}.Release|Any CPU.ActiveCfg = Release|Any CPU
		{F0208714-8CEA-4D0C-83A3-E0F0823A2E55}.Release|Any CPU.Build.0 = Release|Any CPU
	EndGlobalSection
	GlobalSection(SolutionProperties) = preSolution
		HideSolutionNode = FALSE
	EndGlobalSection
	GlobalSection(ExtensibilityGlobals) = postSolution
		SolutionGuid = {DCCAB740-6BCF-4823-BF52-3DB342EDFF4F}
	EndGlobalSection
EndGlobal
